{
  "name": "import-colors",
  "version": "1.0.0",
  "lockfileVersion": 1,
  "requires": true,
  "dependencies": {
    "@skpm/dialog": {
      "version": "0.2.6",
      "resolved": "https://registry.npmjs.org/@skpm/dialog/-/dialog-0.2.6.tgz",
      "integrity": "sha512-DFdx072PrcZrjP4YKRWHAJHPD+qxS0gDJppdxN6ItYTHmduSI4ZbC4MJSZ1MowNhvfT/S2LoyvcMj1GGEPOBgA==",
      "requires": {
        "cocoascript-class": "^0.1.2"
      }
    },
    "@skpm/fs": {
      "version": "0.2.5",
      "resolved": "https://registry.npmjs.org/@skpm/fs/-/fs-0.2.5.tgz",
      "integrity": "sha512-zyIwsSQwmdVYZPi1frUUkXfm6pYleulNFKxGDrMFAVHAerUMMBxVdbJsLd1xh1PFHKh505vUr7yTzgXlQXv0Xw=="
    },
    "cocoascript-class": {
      "version": "0.1.2",
      "resolved": "https://registry.npmjs.org/cocoascript-class/-/cocoascript-class-0.1.2.tgz",
      "integrity": "sha1-2rJfIDiZRtmYbBgSuIrDeD7sQtM="
    }
  }
}
